version = 1
revision = 3
requires-python = ">=3.13"

[[package]]
name = "certifi"
version = "2025.11.12"
source = { registry = "https://pypi.org/simple" }
sdist = { url = "https://files.pythonhosted.org/packages/a2/8c/58f469717fa48465e4a50c014a0400602d3c437d7c0c468e17ada824da3a/certifi-2025.11.12.tar.gz", hash = "sha256:d8ab5478f2ecd78af242878415affce761ca6bc54a22a27e026d7c25357c3316", size = 160538, upload-time = "2025-11-12T02:54:51.517Z" }
wheels = [
    { url = "https://files.pythonhosted.org/packages/70/7d/9bc192684cea499815ff478dfcdc13835ddf401365057044fb721ec6bddb/certifi-2025.11.12-py3-none-any.whl", hash = "sha256:97de8790030bbd5c2d96b7ec782fc2f7820ef8dba6db909ccf95449f2d062d4b", size = 159438, upload-time = "2025-11-12T02:54:49.735Z" },
]

[[package]]
name = "charset-normalizer"
version = "3.4.4"
source = { registry = "https://pypi.org/simple" }
sdist = { url = "https://files.pythonhosted.org/packages/13/69/33ddede1939fdd074bce5434295f38fae7136463422fe4fd3e0e89b98062/charset_normalizer-3.4.4.tar.gz", hash = "sha256:94537985111c35f28720e43603b8e7b43a6ecfb2ce1d3058bbe955b73404e21a", size = 129418, upload-time = "2025-10-14T04:42:32.879Z" }
wheels = [
    { url = "https://files.pythonhosted.org/packages/97/45/4b3a1239bbacd321068ea6e7ac28875b03ab8bc0aa0966452db17cd36714/charset_normalizer-3.4.4-cp313-cp313-macosx_10_13_universal2.whl", hash = "sha256:e1f185f86a6f3403aa2420e815904c67b2f9ebc443f045edd0de921108345794", size = 208091, upload-time = "2025-10-14T04:41:13.346Z" },
    { url = "https://files.pythonhosted.org/packages/7d/62/73a6d7450829655a35bb88a88fca7d736f9882a27eacdca2c6d505b57e2e/charset_normalizer-3.4.4-cp313-cp313-manylinux2014_aarch64.manylinux_2_17_aarch64.manylinux_2_28_aarch64.whl", hash = "sha256:6b39f987ae8ccdf0d2642338faf2abb1862340facc796048b604ef14919e55ed", size = 147936, upload-time = "2025-10-14T04:41:14.461Z" },
    { url = "https://files.pythonhosted.org/packages/89/c5/adb8c8b3d6625bef6d88b251bbb0d95f8205831b987631ab0c8bb5d937c2/charset_normalizer-3.4.4-cp313-cp313-manylinux2014_armv7l.manylinux_2_17_armv7l.manylinux_2_31_armv7l.whl", hash = "sha256:3162d5d8ce1bb98dd51af660f2121c55d0fa541b46dff7bb9b9f86ea1d87de72", size = 144180, upload-time = "2025-10-14T04:41:15.588Z" },
    { url = "https://files.pythonhosted.org/packages/91/ed/9706e4070682d1cc219050b6048bfd293ccf67b3d4f5a4f39207453d4b99/charset_normalizer-3.4.4-cp313-cp313-manylinux2014_ppc64le.manylinux_2_17_ppc64le.manylinux_2_28_ppc64le.whl", hash = "sha256:81d5eb2a312700f4ecaa977a8235b634ce853200e828fbadf3a9c50bab278328", size = 161346, upload-time = "2025-10-14T04:41:16.738Z" },
    { url = "https://files.pythonhosted.org/packages/d5/0d/031f0d95e4972901a2f6f09ef055751805ff541511dc1252ba3ca1f80cf5/charset_normalizer-3.4.4-cp313-cp313-manylinux2014_s390x.manylinux_2_17_s390x.manylinux_2_28_s390x.whl", hash = "sha256:5bd2293095d766545ec1a8f612559f6b40abc0eb18bb2f5d1171872d34036ede", size = 158874, upload-time = "2025-10-14T04:41:17.923Z" },
    { url = "https://files.pythonhosted.org/packages/f5/83/6ab5883f57c9c801ce5e5677242328aa45592be8a00644310a008d04f922/charset_normalizer-3.4.4-cp313-cp313-manylinux2014_x86_64.manylinux_2_17_x86_64.manylinux_2_28_x86_64.whl", hash = "sha256:a8a8b89589086a25749f471e6a900d3f662d1d3b6e2e59dcecf787b1cc3a1894", size = 153076, upload-time = "2025-10-14T04:41:19.106Z" },
    { url = "https://files.pythonhosted.org/packages/75/1e/5ff781ddf5260e387d6419959ee89ef13878229732732ee73cdae01800f2/charset_normalizer-3.4.4-cp313-cp313-manylinux_2_31_riscv64.manylinux_2_39_riscv64.whl", hash = "sha256:bc7637e2f80d8530ee4a78e878bce464f70087ce73cf7c1caf142416923b98f1", size = 150601, upload-time = "2025-10-14T04:41:20.245Z" },
    { url = "https://files.pythonhosted.org/packages/d7/57/71be810965493d3510a6ca79b90c19e48696fb1ff964da319334b12677f0/charset_normalizer-3.4.4-cp313-cp313-musllinux_1_2_aarch64.whl", hash = "sha256:f8bf04158c6b607d747e93949aa60618b61312fe647a6369f88ce2ff16043490", size = 150376, upload-time = "2025-10-14T04:41:21.398Z" },
    { url = "https://files.pythonhosted.org/packages/e5/d5/c3d057a78c181d007014feb7e9f2e65905a6c4ef182c0ddf0de2924edd65/charset_normalizer-3.4.4-cp313-cp313-musllinux_1_2_armv7l.whl", hash = "sha256:554af85e960429cf30784dd47447d5125aaa3b99a6f0683589dbd27e2f45da44", size = 144825, upload-time = "2025-10-14T04:41:22.583Z" },
    { url = "https://files.pythonhosted.org/packages/e6/8c/d0406294828d4976f275ffbe66f00266c4b3136b7506941d87c00cab5272/charset_normalizer-3.4.4-cp313-cp313-musllinux_1_2_ppc64le.whl", hash = "sha256:74018750915ee7ad843a774364e13a3db91682f26142baddf775342c3f5b1133", size = 162583, upload-time = "2025-10-14T04:41:23.754Z" },
    { url = "https://files.pythonhosted.org/packages/d7/24/e2aa1f18c8f15c4c0e932d9287b8609dd30ad56dbe41d926bd846e22fb8d/charset_normalizer-3.4.4-cp313-cp313-musllinux_1_2_riscv64.whl", hash = "sha256:c0463276121fdee9c49b98908b3a89c39be45d86d1dbaa22957e38f6321d4ce3", size = 150366, upload-time = "2025-10-14T04:41:25.27Z" },
    { url = "https://files.pythonhosted.org/packages/e4/5b/1e6160c7739aad1e2df054300cc618b06bf784a7a164b0f238360721ab86/charset_normalizer-3.4.4-cp313-cp313-musllinux_1_2_s390x.whl", hash = "sha256:362d61fd13843997c1c446760ef36f240cf81d3ebf74ac62652aebaf7838561e", size = 160300, upload-time = "2025-10-14T04:41:26.725Z" },
    { url = "https://files.pythonhosted.org/packages/7a/10/f882167cd207fbdd743e55534d5d9620e095089d176d55cb22d5322f2afd/charset_normalizer-3.4.4-cp313-cp313-musllinux_1_2_x86_64.whl", hash = "sha256:9a26f18905b8dd5d685d6d07b0cdf98a79f3c7a918906af7cc143ea2e164c8bc", size = 154465, upload-time = "2025-10-14T04:41:28.322Z" },
    { url = "https://files.pythonhosted.org/packages/89/66/c7a9e1b7429be72123441bfdbaf2bc13faab3f90b933f664db506dea5915/charset_normalizer-3.4.4-cp313-cp313-win32.whl", hash = "sha256:9b35f4c90079ff2e2edc5b26c0c77925e5d2d255c42c74fdb70fb49b172726ac", size = 99404, upload-time = "2025-10-14T04:41:29.95Z" },
    { url = "https://files.pythonhosted.org/packages/c4/26/b9924fa27db384bdcd97ab83b4f0a8058d96ad9626ead570674d5e737d90/charset_normalizer-3.4.4-cp313-cp313-win_amd64.whl", hash = "sha256:b435cba5f4f750aa6c0a0d92c541fb79f69a387c91e61f1795227e4ed9cece14", size = 107092, upload-time = "2025-10-14T04:41:31.188Z" },
    { url = "https://files.pythonhosted.org/packages/af/8f/3ed4bfa0c0c72a7ca17f0380cd9e4dd842b09f664e780c13cff1dcf2ef1b/charset_normalizer-3.4.4-cp313-cp313-win_arm64.whl", hash = "sha256:542d2cee80be6f80247095cc36c418f7bddd14f4a6de45af91dfad36d817bba2", size = 100408, upload-time = "2025-10-14T04:41:32.624Z" },
    { url = "https://files.pythonhosted.org/packages/2a/35/7051599bd493e62411d6ede36fd5af83a38f37c4767b92884df7301db25d/charset_normalizer-3.4.4-cp314-cp314-macosx_10_13_universal2.whl", hash = "sha256:da3326d9e65ef63a817ecbcc0df6e94463713b754fe293eaa03da99befb9a5bd", size = 207746, upload-time = "2025-10-14T04:41:33.773Z" },
    { url = "https://files.pythonhosted.org/packages/10/9a/97c8d48ef10d6cd4fcead2415523221624bf58bcf68a802721a6bc807c8f/charset_normalizer-3.4.4-cp314-cp314-manylinux2014_aarch64.manylinux_2_17_aarch64.manylinux_2_28_aarch64.whl", hash = "sha256:8af65f14dc14a79b924524b1e7fffe304517b2bff5a58bf64f30b98bbc5079eb", size = 147889, upload-time = "2025-10-14T04:41:34.897Z" },
    { url = "https://files.pythonhosted.org/packages/10/bf/979224a919a1b606c82bd2c5fa49b5c6d5727aa47b4312bb27b1734f53cd/charset_normalizer-3.4.4-cp314-cp314-manylinux2014_armv7l.manylinux_2_17_armv7l.manylinux_2_31_armv7l.whl", hash = "sha256:74664978bb272435107de04e36db5a9735e78232b85b77d45cfb38f758efd33e", size = 143641, upload-time = "2025-10-14T04:41:36.116Z" },
    { url = "https://files.pythonhosted.org/packages/ba/33/0ad65587441fc730dc7bd90e9716b30b4702dc7b617e6ba4997dc8651495/charset_normalizer-3.4.4-cp314-cp314-manylinux2014_ppc64le.manylinux_2_17_ppc64le.manylinux_2_28_ppc64le.whl", hash = "sha256:752944c7ffbfdd10c074dc58ec2d5a8a4cd9493b314d367c14d24c17684ddd14", size = 160779, upload-time = "2025-10-14T04:41:37.229Z" },
    { url = "https://files.pythonhosted.org/packages/67/ed/331d6b249259ee71ddea93f6f2f0a56cfebd46938bde6fcc6f7b9a3d0e09/charset_normalizer-3.4.4-cp314-cp314-manylinux2014_s390x.manylinux_2_17_s390x.manylinux_2_28_s390x.whl", hash = "sha256:d1f13550535ad8cff21b8d757a3257963e951d96e20ec82ab44bc64aeb62a191", size = 159035, upload-time = "2025-10-14T04:41:38.368Z" },
    { url = "https://files.pythonhosted.org/packages/67/ff/f6b948ca32e4f2a4576aa129d8bed61f2e0543bf9f5f2b7fc3758ed005c9/charset_normalizer-3.4.4-cp314-cp314-manylinux2014_x86_64.manylinux_2_17_x86_64.manylinux_2_28_x86_64.whl", hash = "sha256:ecaae4149d99b1c9e7b88bb03e3221956f68fd6d50be2ef061b2381b61d20838", size = 152542, upload-time = "2025-10-14T04:41:39.862Z" },
    { url = "https://files.pythonhosted.org/packages/16/85/276033dcbcc369eb176594de22728541a925b2632f9716428c851b149e83/charset_normalizer-3.4.4-cp314-cp314-manylinux_2_31_riscv64.manylinux_2_39_riscv64.whl", hash = "sha256:cb6254dc36b47a990e59e1068afacdcd02958bdcce30bb50cc1700a8b9d624a6", size = 149524, upload-time = "2025-10-14T04:41:41.319Z" },
    { url = "https://files.pythonhosted.org/packages/9e/f2/6a2a1f722b6aba37050e626530a46a68f74e63683947a8acff92569f979a/charset_normalizer-3.4.4-cp314-cp314-musllinux_1_2_aarch64.whl", hash = "sha256:c8ae8a0f02f57a6e61203a31428fa1d677cbe50c93622b4149d5c0f319c1d19e", size = 150395, upload-time = "2025-10-14T04:41:42.539Z" },
    { url = "https://files.pythonhosted.org/packages/60/bb/2186cb2f2bbaea6338cad15ce23a67f9b0672929744381e28b0592676824/charset_normalizer-3.4.4-cp314-cp314-musllinux_1_2_armv7l.whl", hash = "sha256:47cc91b2f4dd2833fddaedd2893006b0106129d4b94fdb6af1f4ce5a9965577c", size = 143680, upload-time = "2025-10-14T04:41:43.661Z" },
    { url = "https://files.pythonhosted.org/packages/7d/a5/bf6f13b772fbb2a90360eb620d52ed8f796f3c5caee8398c3b2eb7b1c60d/charset_normalizer-3.4.4-cp314-cp314-musllinux_1_2_ppc64le.whl", hash = "sha256:82004af6c302b5d3ab2cfc4cc5f29db16123b1a8417f2e25f9066f91d4411090", size = 162045, upload-time = "2025-10-14T04:41:44.821Z" },
    { url = "https://files.pythonhosted.org/packages/df/c5/d1be898bf0dc3ef9030c3825e5d3b83f2c528d207d246cbabe245966808d/charset_normalizer-3.4.4-cp314-cp314-musllinux_1_2_riscv64.whl", hash = "sha256:2b7d8f6c26245217bd2ad053761201e9f9680f8ce52f0fcd8d0755aeae5b2152", size = 149687, upload-time = "2025-10-14T04:41:46.442Z" },
    { url = "https://files.pythonhosted.org/packages/a5/42/90c1f7b9341eef50c8a1cb3f098ac43b0508413f33affd762855f67a410e/charset_normalizer-3.4.4-cp314-cp314-musllinux_1_2_s390x.whl", hash = "sha256:799a7a5e4fb2d5898c60b640fd4981d6a25f1c11790935a44ce38c54e985f828", size = 160014, upload-time = "2025-10-14T04:41:47.631Z" },
    { url = "https://files.pythonhosted.org/packages/76/be/4d3ee471e8145d12795ab655ece37baed0929462a86e72372fd25859047c/charset_normalizer-3.4.4-cp314-cp314-musllinux_1_2_x86_64.whl", hash = "sha256:99ae2cffebb06e6c22bdc25801d7b30f503cc87dbd283479e7b606f70aff57ec", size = 154044, upload-time = "2025-10-14T04:41:48.81Z" },
    { url = "https://files.pythonhosted.org/packages/b0/6f/8f7af07237c34a1defe7defc565a9bc1807762f672c0fde711a4b22bf9c0/charset_normalizer-3.4.4-cp314-cp314-win32.whl", hash = "sha256:f9d332f8c2a2fcbffe1378594431458ddbef721c1769d78e2cbc06280d8155f9", size = 99940, upload-time = "2025-10-14T04:41:49.946Z" },
    { url = "https://files.pythonhosted.org/packages/4b/51/8ade005e5ca5b0d80fb4aff72a3775b325bdc3d27408c8113811a7cbe640/charset_normalizer-3.4.4-cp314-cp314-win_amd64.whl", hash = "sha256:8a6562c3700cce886c5be75ade4a5db4214fda19fede41d9792d100288d8f94c", size = 107104, upload-time = "2025-10-14T04:41:51.051Z" },
    { url = "https://files.pythonhosted.org/packages/da/5f/6b8f83a55bb8278772c5ae54a577f3099025f9ade59d0136ac24a0df4bde/charset_normalizer-3.4.4-cp314-cp314-win_arm64.whl", hash = "sha256:de00632ca48df9daf77a2c65a484531649261ec9f25489917f09e455cb09ddb2", size = 100743, upload-time = "2025-10-14T04:41:52.122Z" },
    { url = "https://files.pythonhosted.org/packages/0a/4c/925909008ed5a988ccbb72dcc897407e5d6d3bd72410d69e051fc0c14647/charset_normalizer-3.4.4-py3-none-any.whl", hash = "sha256:7a32c560861a02ff789ad905a2fe94e3f840803362c84fecf1851cb4cf3dc37f", size = 53402, upload-time = "2025-10-14T04:42:31.76Z" },
]

[[package]]
name = "dotenv"
version = "0.9.9"
source = { registry = "https://pypi.org/simple" }
dependencies = [
    { name = "python-dotenv" },
]
wheels = [
    { url = "https://files.pythonhosted.org/packages/b2/b7/545d2c10c1fc15e48653c91efde329a790f2eecfbbf2bd16003b5db2bab0/dotenv-0.9.9-py2.py3-none-any.whl", hash = "sha256:29cf74a087b31dafdb5a446b6d7e11cbce8ed2741540e2339c69fbef92c94ce9", size = 1892, upload-time = "2025-02-19T22:15:01.647Z" },
]

[[package]]
name = "duckdb"
version = "1.4.3"
source = { registry = "https://pypi.org/simple" }
sdist = { url = "https://files.pythonhosted.org/packages/7f/da/17c3eb5458af69d54dedc8d18e4a32ceaa8ce4d4c699d45d6d8287e790c3/duckdb-1.4.3.tar.gz", hash = "sha256:fea43e03604c713e25a25211ada87d30cd2a044d8f27afab5deba26ac49e5268", size = 18478418, upload-time = "2025-12-09T10:59:22.945Z" }
wheels = [
    { url = "https://files.pythonhosted.org/packages/fd/76/288cca43a10ddd082788e1a71f1dc68d9130b5d078c3ffd0edf2f3a8719f/duckdb-1.4.3-cp313-cp313-macosx_10_13_universal2.whl", hash = "sha256:16952ac05bd7e7b39946695452bf450db1ebbe387e1e7178e10f593f2ea7b9a8", size = 29033392, upload-time = "2025-12-09T10:58:34.631Z" },
    { url = "https://files.pythonhosted.org/packages/64/07/cbad3d3da24af4d1add9bccb5fb390fac726ffa0c0cebd29bf5591cef334/duckdb-1.4.3-cp313-cp313-macosx_10_13_x86_64.whl", hash = "sha256:de984cd24a6cbefdd6d4a349f7b9a46e583ca3e58ce10d8def0b20a6e5fcbe78", size = 15414567, upload-time = "2025-12-09T10:58:37.051Z" },
    { url = "https://files.pythonhosted.org/packages/c4/19/57af0cc66ba2ffb8900f567c9aec188c6ab2a7b3f2260e9c6c3c5f9b57b1/duckdb-1.4.3-cp313-cp313-macosx_11_0_arm64.whl", hash = "sha256:1e5457dda91b67258aae30fb1a0df84183a9f6cd27abac1d5536c0d876c6dfa1", size = 13740960, upload-time = "2025-12-09T10:58:39.658Z" },
    { url = "https://files.pythonhosted.org/packages/73/dd/23152458cf5fd51e813fadda60b9b5f011517634aa4bb9301f5f3aa951d8/duckdb-1.4.3-cp313-cp313-manylinux_2_26_aarch64.manylinux_2_28_aarch64.whl", hash = "sha256:006aca6a6d6736c441b02ff5c7600b099bb8b7f4de094b8b062137efddce42df", size = 18484312, upload-time = "2025-12-09T10:58:42.054Z" },
    { url = "https://files.pythonhosted.org/packages/1a/7b/adf3f611f11997fc429d4b00a730604b65d952417f36a10c4be6e38e064d/duckdb-1.4.3-cp313-cp313-manylinux_2_26_x86_64.manylinux_2_28_x86_64.whl", hash = "sha256:a2813f4635f4d6681cc3304020374c46aca82758c6740d7edbc237fe3aae2744", size = 20495571, upload-time = "2025-12-09T10:58:44.646Z" },
    { url = "https://files.pythonhosted.org/packages/40/d5/6b7ddda7713a788ab2d622c7267ec317718f2bdc746ce1fca49b7ff0e50f/duckdb-1.4.3-cp313-cp313-win_amd64.whl", hash = "sha256:6db124f53a3edcb32b0a896ad3519e37477f7e67bf4811cb41ab60c1ef74e4c8", size = 12335680, upload-time = "2025-12-09T10:58:46.883Z" },
    { url = "https://files.pythonhosted.org/packages/e8/28/0670135cf54525081fded9bac1254f78984e3b96a6059cd15aca262e3430/duckdb-1.4.3-cp313-cp313-win_arm64.whl", hash = "sha256:a8b0a8764e1b5dd043d168c8f749314f7a1252b5a260fa415adaa26fa3b958fd", size = 13075161, upload-time = "2025-12-09T10:58:49.47Z" },
    { url = "https://files.pythonhosted.org/packages/b6/f4/a38651e478fa41eeb8e43a0a9c0d4cd8633adea856e3ac5ac95124b0fdbf/duckdb-1.4.3-cp314-cp314-macosx_10_15_universal2.whl", hash = "sha256:316711a9e852bcfe1ed6241a5f654983f67e909e290495f3562cccdf43be8180", size = 29042272, upload-time = "2025-12-09T10:58:51.826Z" },
    { url = "https://files.pythonhosted.org/packages/16/de/2cf171a66098ce5aeeb7371511bd2b3d7b73a2090603b0b9df39f8aaf814/duckdb-1.4.3-cp314-cp314-macosx_10_15_x86_64.whl", hash = "sha256:9e625b2b4d52bafa1fd0ebdb0990c3961dac8bb00e30d327185de95b68202131", size = 15419343, upload-time = "2025-12-09T10:58:54.439Z" },
    { url = "https://files.pythonhosted.org/packages/35/28/6b0a7830828d4e9a37420d87e80fe6171d2869a9d3d960bf5d7c3b8c7ee4/duckdb-1.4.3-cp314-cp314-macosx_11_0_arm64.whl", hash = "sha256:130c6760f6c573f9c9fe9aba56adba0fab48811a4871b7b8fd667318b4a3e8da", size = 13748905, upload-time = "2025-12-09T10:58:56.656Z" },
    { url = "https://files.pythonhosted.org/packages/15/4d/778628e194d63967870873b9581c8a6b4626974aa4fbe09f32708a2d3d3a/duckdb-1.4.3-cp314-cp314-manylinux_2_26_aarch64.manylinux_2_28_aarch64.whl", hash = "sha256:20c88effaa557a11267706b01419c542fe42f893dee66e5a6daa5974ea2d4a46", size = 18487261, upload-time = "2025-12-09T10:58:58.866Z" },
    { url = "https://files.pythonhosted.org/packages/c6/5f/87e43af2e4a0135f9675449563e7c2f9b6f1fe6a2d1691c96b091f3904dd/duckdb-1.4.3-cp314-cp314-manylinux_2_26_x86_64.manylinux_2_28_x86_64.whl", hash = "sha256:1b35491db98ccd11d151165497c084a9d29d3dc42fc80abea2715a6c861ca43d", size = 20497138, upload-time = "2025-12-09T10:59:01.241Z" },
    { url = "https://files.pythonhosted.org/packages/94/41/abec537cc7c519121a2a83b9a6f180af8915fabb433777dc147744513e74/duckdb-1.4.3-cp314-cp314-win_amd64.whl", hash = "sha256:23b12854032c1a58d0452e2b212afa908d4ce64171862f3792ba9a596ba7c765", size = 12836056, upload-time = "2025-12-09T10:59:03.388Z" },
    { url = "https://files.pythonhosted.org/packages/b1/5a/8af5b96ce5622b6168854f479ce846cf7fb589813dcc7d8724233c37ded3/duckdb-1.4.3-cp314-cp314-win_arm64.whl", hash = "sha256:90f241f25cffe7241bf9f376754a5845c74775e00e1c5731119dc88cd71e0cb2", size = 13527759, upload-time = "2025-12-09T10:59:05.496Z" },
]

[[package]]
name = "exrates-fetching"
version = "0.1.0"
source = { virtual = "." }
dependencies = [
    { name = "dotenv" },
    { name = "duckdb" },
    { name = "polars" },
    { name = "pyarrow" },
    { name = "requests" },
]

[package.metadata]
requires-dist = [
    { name = "dotenv", specifier = ">=0.9.9" },
    { name = "duckdb", specifier = ">=1.4.3" },
    { name = "polars", specifier = ">=1.36.1" },
    { name = "pyarrow", specifier = ">=22.0.0" },
    { name = "requests", specifier = ">=2.32.5" },
]

[[package]]
name = "idna"
version = "3.11"
source = { registry = "https://pypi.org/simple" }
sdist = { url = "https://files.pythonhosted.org/packages/6f/6d/0703ccc57f3a7233505399edb88de3cbd678da106337b9fcde432b65ed60/idna-3.11.tar.gz", hash = "sha256:795dafcc9c04ed0c1fb032c2aa73654d8e8c5023a7df64a53f39190ada629902", size = 194582, upload-time = "2025-10-12T14:55:20.501Z" }
wheels = [
    { url = "https://files.pythonhosted.org/packages/0e/61/66938bbb5fc52dbdf84594873d5b51fb1f7c7794e9c0f5bd885f30bc507b/idna-3.11-py3-none-any.whl", hash = "sha256:771a87f49d9defaf64091e6e6fe9c18d4833f140bd19464795bc32d966ca37ea", size = 71008, upload-time = "2025-10-12T14:55:18.883Z" },
]

[[package]]
name = "polars"
version = "1.36.1"
source = { registry = "https://pypi.org/simple" }
dependencies = [
    { name = "polars-runtime-32" },
]
sdist = { url = "https://files.pythonhosted.org/packages/9f/dc/56f2a90c79a2cb13f9e956eab6385effe54216ae7a2068b3a6406bae4345/polars-1.36.1.tar.gz", hash = "sha256:12c7616a2305559144711ab73eaa18814f7aa898c522e7645014b68f1432d54c", size = 711993, upload-time = "2025-12-10T01:14:53.033Z" }
wheels = [
    { url = "https://files.pythonhosted.org/packages/f6/c6/36a1b874036b49893ecae0ac44a2f63d1a76e6212631a5b2f50a86e0e8af/polars-1.36.1-py3-none-any.whl", hash = "sha256:853c1bbb237add6a5f6d133c15094a9b727d66dd6a4eb91dbb07cdb056b2b8ef", size = 802429, upload-time = "2025-12-10T01:13:53.838Z" },
]

[[package]]
name = "polars-runtime-32"
version = "1.36.1"
source = { registry = "https://pypi.org/simple" }
sdist = { url = "https://files.pythonhosted.org/packages/31/df/597c0ef5eb8d761a16d72327846599b57c5d40d7f9e74306fc154aba8c37/polars_runtime_32-1.36.1.tar.gz", hash = "sha256:201c2cfd80ceb5d5cd7b63085b5fd08d6ae6554f922bcb941035e39638528a09", size = 2788751, upload-time = "2025-12-10T01:14:54.172Z" }
wheels = [
    { url = "https://files.pythonhosted.org/packages/e1/ea/871129a2d296966c0925b078a9a93c6c5e7facb1c5eebfcd3d5811aeddc1/polars_runtime_32-1.36.1-cp39-abi3-macosx_10_12_x86_64.whl", hash = "sha256:327b621ca82594f277751f7e23d4b939ebd1be18d54b4cdf7a2f8406cecc18b2", size = 43494311, upload-time = "2025-12-10T01:13:56.096Z" },
    { url = "https://files.pythonhosted.org/packages/d8/76/0038210ad1e526ce5bb2933b13760d6b986b3045eccc1338e661bd656f77/polars_runtime_32-1.36.1-cp39-abi3-macosx_11_0_arm64.whl", hash = "sha256:ab0d1f23084afee2b97de8c37aa3e02ec3569749ae39571bd89e7a8b11ae9e83", size = 39300602, upload-time = "2025-12-10T01:13:59.366Z" },
    { url = "https://files.pythonhosted.org/packages/54/1e/2707bee75a780a953a77a2c59829ee90ef55708f02fc4add761c579bf76e/polars_runtime_32-1.36.1-cp39-abi3-manylinux_2_17_x86_64.manylinux2014_x86_64.whl", hash = "sha256:899b9ad2e47ceb31eb157f27a09dbc2047efbf4969a923a6b1ba7f0412c3e64c", size = 44511780, upload-time = "2025-12-10T01:14:02.285Z" },
    { url = "https://files.pythonhosted.org/packages/11/b2/3fede95feee441be64b4bcb32444679a8fbb7a453a10251583053f6efe52/polars_runtime_32-1.36.1-cp39-abi3-manylinux_2_24_aarch64.whl", hash = "sha256:d9d077bb9df711bc635a86540df48242bb91975b353e53ef261c6fae6cb0948f", size = 40688448, upload-time = "2025-12-10T01:14:05.131Z" },
    { url = "https://files.pythonhosted.org/packages/05/0f/e629713a72999939b7b4bfdbf030a32794db588b04fdf3dc977dd8ea6c53/polars_runtime_32-1.36.1-cp39-abi3-win_amd64.whl", hash = "sha256:cc17101f28c9a169ff8b5b8d4977a3683cd403621841623825525f440b564cf0", size = 44464898, upload-time = "2025-12-10T01:14:08.296Z" },
    { url = "https://files.pythonhosted.org/packages/d1/d8/a12e6aa14f63784cead437083319ec7cece0d5bb9a5bfe7678cc6578b52a/polars_runtime_32-1.36.1-cp39-abi3-win_arm64.whl", hash = "sha256:809e73857be71250141225ddd5d2b30c97e6340aeaa0d445f930e01bef6888dc", size = 39798896, upload-time = "2025-12-10T01:14:11.568Z" },
]

[[package]]
name = "pyarrow"
version = "22.0.0"
source = { registry = "https://pypi.org/simple" }
sdist = { url = "https://files.pythonhosted.org/packages/30/53/04a7fdc63e6056116c9ddc8b43bc28c12cdd181b85cbeadb79278475f3ae/pyarrow-22.0.0.tar.gz", hash = "sha256:3d600dc583260d845c7d8a6db540339dd883081925da2bd1c5cb808f720b3cd9", size = 1151151, upload-time = "2025-10-24T12:30:00.762Z" }
wheels = [
    { url = "https://files.pythonhosted.org/packages/a6/d6/d0fac16a2963002fc22c8fa75180a838737203d558f0ed3b564c4a54eef5/pyarrow-22.0.0-cp313-cp313-macosx_12_0_arm64.whl", hash = "sha256:e6e95176209257803a8b3d0394f21604e796dadb643d2f7ca21b66c9c0b30c9a", size = 34204629, upload-time = "2025-10-24T10:06:20.274Z" },
    { url = "https://files.pythonhosted.org/packages/c6/9c/1d6357347fbae062ad3f17082f9ebc29cc733321e892c0d2085f42a2212b/pyarrow-22.0.0-cp313-cp313-macosx_12_0_x86_64.whl", hash = "sha256:001ea83a58024818826a9e3f89bf9310a114f7e26dfe404a4c32686f97bd7901", size = 35985783, upload-time = "2025-10-24T10:06:27.301Z" },
    { url = "https://files.pythonhosted.org/packages/ff/c0/782344c2ce58afbea010150df07e3a2f5fdad299cd631697ae7bd3bac6e3/pyarrow-22.0.0-cp313-cp313-manylinux_2_28_aarch64.whl", hash = "sha256:ce20fe000754f477c8a9125543f1936ea5b8867c5406757c224d745ed033e691", size = 45020999, upload-time = "2025-10-24T10:06:35.387Z" },
    { url = "https://files.pythonhosted.org/packages/1b/8b/5362443737a5307a7b67c1017c42cd104213189b4970bf607e05faf9c525/pyarrow-22.0.0-cp313-cp313-manylinux_2_28_x86_64.whl", hash = "sha256:e0a15757fccb38c410947df156f9749ae4a3c89b2393741a50521f39a8cf202a", size = 47724601, upload-time = "2025-10-24T10:06:43.551Z" },
    { url = "https://files.pythonhosted.org/packages/69/4d/76e567a4fc2e190ee6072967cb4672b7d9249ac59ae65af2d7e3047afa3b/pyarrow-22.0.0-cp313-cp313-musllinux_1_2_aarch64.whl", hash = "sha256:cedb9dd9358e4ea1d9bce3665ce0797f6adf97ff142c8e25b46ba9cdd508e9b6", size = 48001050, upload-time = "2025-10-24T10:06:52.284Z" },
    { url = "https://files.pythonhosted.org/packages/01/5e/5653f0535d2a1aef8223cee9d92944cb6bccfee5cf1cd3f462d7cb022790/pyarrow-22.0.0-cp313-cp313-musllinux_1_2_x86_64.whl", hash = "sha256:252be4a05f9d9185bb8c18e83764ebcfea7185076c07a7a662253af3a8c07941", size = 50307877, upload-time = "2025-10-24T10:07:02.405Z" },
    { url = "https://files.pythonhosted.org/packages/2d/f8/1d0bd75bf9328a3b826e24a16e5517cd7f9fbf8d34a3184a4566ef5a7f29/pyarrow-22.0.0-cp313-cp313-win_amd64.whl", hash = "sha256:a4893d31e5ef780b6edcaf63122df0f8d321088bb0dee4c8c06eccb1ca28d145", size = 27977099, upload-time = "2025-10-24T10:08:07.259Z" },
    { url = "https://files.pythonhosted.org/packages/90/81/db56870c997805bf2b0f6eeeb2d68458bf4654652dccdcf1bf7a42d80903/pyarrow-22.0.0-cp313-cp313t-macosx_12_0_arm64.whl", hash = "sha256:f7fe3dbe871294ba70d789be16b6e7e52b418311e166e0e3cba9522f0f437fb1", size = 34336685, upload-time = "2025-10-24T10:07:11.47Z" },
    { url = "https://files.pythonhosted.org/packages/1c/98/0727947f199aba8a120f47dfc229eeb05df15bcd7a6f1b669e9f882afc58/pyarrow-22.0.0-cp313-cp313t-macosx_12_0_x86_64.whl", hash = "sha256:ba95112d15fd4f1105fb2402c4eab9068f0554435e9b7085924bcfaac2cc306f", size = 36032158, upload-time = "2025-10-24T10:07:18.626Z" },
    { url = "https://files.pythonhosted.org/packages/96/b4/9babdef9c01720a0785945c7cf550e4acd0ebcd7bdd2e6f0aa7981fa85e2/pyarrow-22.0.0-cp313-cp313t-manylinux_2_28_aarch64.whl", hash = "sha256:c064e28361c05d72eed8e744c9605cbd6d2bb7481a511c74071fd9b24bc65d7d", size = 44892060, upload-time = "2025-10-24T10:07:26.002Z" },
    { url = "https://files.pythonhosted.org/packages/f8/ca/2f8804edd6279f78a37062d813de3f16f29183874447ef6d1aadbb4efa0f/pyarrow-22.0.0-cp313-cp313t-manylinux_2_28_x86_64.whl", hash = "sha256:6f9762274496c244d951c819348afbcf212714902742225f649cf02823a6a10f", size = 47504395, upload-time = "2025-10-24T10:07:34.09Z" },
    { url = "https://files.pythonhosted.org/packages/b9/f0/77aa5198fd3943682b2e4faaf179a674f0edea0d55d326d83cb2277d9363/pyarrow-22.0.0-cp313-cp313t-musllinux_1_2_aarch64.whl", hash = "sha256:a9d9ffdc2ab696f6b15b4d1f7cec6658e1d788124418cb30030afbae31c64746", size = 48066216, upload-time = "2025-10-24T10:07:43.528Z" },
    { url = "https://files.pythonhosted.org/packages/79/87/a1937b6e78b2aff18b706d738c9e46ade5bfcf11b294e39c87706a0089ac/pyarrow-22.0.0-cp313-cp313t-musllinux_1_2_x86_64.whl", hash = "sha256:ec1a15968a9d80da01e1d30349b2b0d7cc91e96588ee324ce1b5228175043e95", size = 50288552, upload-time = "2025-10-24T10:07:53.519Z" },
    { url = "https://files.pythonhosted.org/packages/60/ae/b5a5811e11f25788ccfdaa8f26b6791c9807119dffcf80514505527c384c/pyarrow-22.0.0-cp313-cp313t-win_amd64.whl", hash = "sha256:bba208d9c7decf9961998edf5c65e3ea4355d5818dd6cd0f6809bec1afb951cc", size = 28262504, upload-time = "2025-10-24T10:08:00.932Z" },
    { url = "https://files.pythonhosted.org/packages/bd/b0/0fa4d28a8edb42b0a7144edd20befd04173ac79819547216f8a9f36f9e50/pyarrow-22.0.0-cp314-cp314-macosx_12_0_arm64.whl", hash = "sha256:9bddc2cade6561f6820d4cd73f99a0243532ad506bc510a75a5a65a522b2d74d", size = 34224062, upload-time = "2025-10-24T10:08:14.101Z" },
    { url = "https://files.pythonhosted.org/packages/0f/a8/7a719076b3c1be0acef56a07220c586f25cd24de0e3f3102b438d18ae5df/pyarrow-22.0.0-cp314-cp314-macosx_12_0_x86_64.whl", hash = "sha256:e70ff90c64419709d38c8932ea9fe1cc98415c4f87ea8da81719e43f02534bc9", size = 35990057, upload-time = "2025-10-24T10:08:21.842Z" },
    { url = "https://files.pythonhosted.org/packages/89/3c/359ed54c93b47fb6fe30ed16cdf50e3f0e8b9ccfb11b86218c3619ae50a8/pyarrow-22.0.0-cp314-cp314-manylinux_2_28_aarch64.whl", hash = "sha256:92843c305330aa94a36e706c16209cd4df274693e777ca47112617db7d0ef3d7", size = 45068002, upload-time = "2025-10-24T10:08:29.034Z" },
    { url = "https://files.pythonhosted.org/packages/55/fc/4945896cc8638536ee787a3bd6ce7cec8ec9acf452d78ec39ab328efa0a1/pyarrow-22.0.0-cp314-cp314-manylinux_2_28_x86_64.whl", hash = "sha256:6dda1ddac033d27421c20d7a7943eec60be44e0db4e079f33cc5af3b8280ccde", size = 47737765, upload-time = "2025-10-24T10:08:38.559Z" },
    { url = "https://files.pythonhosted.org/packages/cd/5e/7cb7edeb2abfaa1f79b5d5eb89432356155c8426f75d3753cbcb9592c0fd/pyarrow-22.0.0-cp314-cp314-musllinux_1_2_aarch64.whl", hash = "sha256:84378110dd9a6c06323b41b56e129c504d157d1a983ce8f5443761eb5256bafc", size = 48048139, upload-time = "2025-10-24T10:08:46.784Z" },
    { url = "https://files.pythonhosted.org/packages/88/c6/546baa7c48185f5e9d6e59277c4b19f30f48c94d9dd938c2a80d4d6b067c/pyarrow-22.0.0-cp314-cp314-musllinux_1_2_x86_64.whl", hash = "sha256:854794239111d2b88b40b6ef92aa478024d1e5074f364033e73e21e3f76b25e0", size = 50314244, upload-time = "2025-10-24T10:08:55.771Z" },
    { url = "https://files.pythonhosted.org/packages/3c/79/755ff2d145aafec8d347bf18f95e4e81c00127f06d080135dfc86aea417c/pyarrow-22.0.0-cp314-cp314-win_amd64.whl", hash = "sha256:b883fe6fd85adad7932b3271c38ac289c65b7337c2c132e9569f9d3940620730", size = 28757501, upload-time = "2025-10-24T10:09:59.891Z" },
    { url = "https://files.pythonhosted.org/packages/0e/d2/237d75ac28ced3147912954e3c1a174df43a95f4f88e467809118a8165e0/pyarrow-22.0.0-cp314-cp314t-macosx_12_0_arm64.whl", hash = "sha256:7a820d8ae11facf32585507c11f04e3f38343c1e784c9b5a8b1da5c930547fe2", size = 34355506, upload-time = "2025-10-24T10:09:02.953Z" },
    { url = "https://files.pythonhosted.org/packages/1e/2c/733dfffe6d3069740f98e57ff81007809067d68626c5faef293434d11bd6/pyarrow-22.0.0-cp314-cp314t-macosx_12_0_x86_64.whl", hash = "sha256:c6ec3675d98915bf1ec8b3c7986422682f7232ea76cad276f4c8abd5b7319b70", size = 36047312, upload-time = "2025-10-24T10:09:10.334Z" },
    { url = "https://files.pythonhosted.org/packages/7c/2b/29d6e3782dc1f299727462c1543af357a0f2c1d3c160ce199950d9ca51eb/pyarrow-22.0.0-cp314-cp314t-manylinux_2_28_aarch64.whl", hash = "sha256:3e739edd001b04f654b166204fc7a9de896cf6007eaff33409ee9e50ceaff754", size = 45081609, upload-time = "2025-10-24T10:09:18.61Z" },
    { url = "https://files.pythonhosted.org/packages/8d/42/aa9355ecc05997915af1b7b947a7f66c02dcaa927f3203b87871c114ba10/pyarrow-22.0.0-cp314-cp314t-manylinux_2_28_x86_64.whl", hash = "sha256:7388ac685cab5b279a41dfe0a6ccd99e4dbf322edfb63e02fc0443bf24134e91", size = 47703663, upload-time = "2025-10-24T10:09:27.369Z" },
    { url = "https://files.pythonhosted.org/packages/ee/62/45abedde480168e83a1de005b7b7043fd553321c1e8c5a9a114425f64842/pyarrow-22.0.0-cp314-cp314t-musllinux_1_2_aarch64.whl", hash = "sha256:f633074f36dbc33d5c05b5dc75371e5660f1dbf9c8b1d95669def05e5425989c", size = 48066543, upload-time = "2025-10-24T10:09:34.908Z" },
    { url = "https://files.pythonhosted.org/packages/84/e9/7878940a5b072e4f3bf998770acafeae13b267f9893af5f6d4ab3904b67e/pyarrow-22.0.0-cp314-cp314t-musllinux_1_2_x86_64.whl", hash = "sha256:4c19236ae2402a8663a2c8f21f1870a03cc57f0bef7e4b6eb3238cc82944de80", size = 50288838, upload-time = "2025-10-24T10:09:44.394Z" },
    { url = "https://files.pythonhosted.org/packages/7b/03/f335d6c52b4a4761bcc83499789a1e2e16d9d201a58c327a9b5cc9a41bd9/pyarrow-22.0.0-cp314-cp314t-win_amd64.whl", hash = "sha256:0c34fe18094686194f204a3b1787a27456897d8a2d62caf84b61e8dfbc0252ae", size = 29185594, upload-time = "2025-10-24T10:09:53.111Z" },
]

[[package]]
name = "python-dotenv"
version = "1.2.1"
source = { registry = "https://pypi.org/simple" }
sdist = { url = "https://files.pythonhosted.org/packages/f0/26/19cadc79a718c5edbec86fd4919a6b6d3f681039a2f6d66d14be94e75fb9/python_dotenv-1.2.1.tar.gz", hash = "sha256:42667e897e16ab0d66954af0e60a9caa94f0fd4ecf3aaf6d2d260eec1aa36ad6", size = 44221, upload-time = "2025-10-26T15:12:10.434Z" }
wheels = [
    { url = "https://files.pythonhosted.org/packages/14/1b/a298b06749107c305e1fe0f814c6c74aea7b2f1e10989cb30f544a1b3253/python_dotenv-1.2.1-py3-none-any.whl", hash = "sha256:b81ee9561e9ca4004139c6cbba3a238c32b03e4894671e181b671e8cb8425d61", size = 21230, upload-time = "2025-10-26T15:12:09.109Z" },
]

[[package]]
name = "requests"
version = "2.32.5"
source = { registry = "https://pypi.org/simple" }
dependencies = [
    { name = "certifi" },
    { name = "charset-normalizer" },
    { name = "idna" },
    { name = "urllib3" },
]
sdist = { url = "https://files.pythonhosted.org/packages/c9/74/b3ff8e6c8446842c3f5c837e9c3dfcfe2018ea6ecef224c710c85ef728f4/requests-2.32.5.tar.gz", hash = "sha256:dbba0bac56e100853db0ea71b82b4dfd5fe2bf6d3754a8893c3af500cec7d7cf", size = 134517, upload-time = "2025-08-18T20:46:02.573Z" }
wheels = [
    { url = "https://files.pythonhosted.org/packages/1e/db/4254e3eabe8020b458f1a747140d32277ec7a271daf1d235b70dc0b4e6e3/requests-2.32.5-py3-none-any.whl", hash = "sha256:2462f94637a34fd532264295e186976db0f5d453d1cdd31473c85a6a161affb6", size = 64738, upload-time = "2025-08-18T20:46:00.542Z" },
]

[[package]]
name = "urllib3"
version = "2.6.2"
source = { registry = "https://pypi.org/simple" }
sdist = { url = "https://files.pythonhosted.org/packages/1e/24/a2a2ed9addd907787d7aa0355ba36a6cadf1768b934c652ea78acbd59dcd/urllib3-2.6.2.tar.gz", hash = "sha256:016f9c98bb7e98085cb2b4b17b87d2c702975664e4f060c6532e64d1c1a5e797", size = 432930, upload-time = "2025-12-11T15:56:40.252Z" }
wheels = [
    { url = "https://files.pythonhosted.org/packages/6d/b9/4095b668ea3678bf6a0af005527f39de12fb026516fb3df17495a733b7f8/urllib3-2.6.2-py3-none-any.whl", hash = "sha256:ec21cddfe7724fc7cb4ba4bea7aa8e2ef36f607a4bab81aa6ce42a13dc3f03dd", size = 131182, upload-time = "2025-12-11T15:56:38.584Z" },
]
